
Microsoft Visual Studio Solution File, Format Version 12.00
# Visual Studio Version 17
VisualStudioVersion = 17.10.35027.167
MinimumVisualStudioVersion = 10.0.40219.1
Project("{FAE04EC0-301F-11D3-BF4B-00C04F79EFBC}") = "Spaceship", "Spaceship.csproj", "{EB6F8229-ABAB-47C1-8158-1E638DFBFB90}"
EndProject
Global
	GlobalSection(SolutionConfigurationPlatforms) = preSolution
		Debug|Any CPU = Debug|Any CPU
		Release|Any CPU = Release|Any CPU
	EndGlobalSection
	GlobalSection(ProjectConfigurationPlatforms) = postSolution
		{EB6F8229-ABAB-47C1-8158-1E638DFBFB90}.Debug|Any CPU.ActiveCfg = Debug|Any CPU
		{EB6F8229-ABAB-47C1-8158-1E638DFBFB90}.Debug|Any CPU.Build.0 = Debug|Any CPU
		{EB6F8229-ABAB-47C1-8158-1E638DFBFB90}.Release|Any CPU.ActiveCfg = Release|Any CPU
		{EB6F8229-ABAB-47C1-8158-1E638DFBFB90}.Release|Any CPU.Build.0 = Release|Any CPU
	EndGlobalSection
	GlobalSection(SolutionProperties) = preSolution
		HideSolutionNode = FALSE
	EndGlobalSection
	GlobalSection(ExtensibilityGlobals) = postSolution
		SolutionGuid = {92375A00-2E6C-41C6-BD7D-2FE52EC7F1EC}
	EndGlobalSection
EndGlobal
